github.com/mattn/go-colorable v0.0.10-0.20170816031813-ad5389df28cd h1:Y4ZRx+RIPFlPL4gnD/I7bdqSNXHlNop1Q6NjQuHds00=
github.com/mattn/go-colorable v0.0.10-0.20170816031813-ad5389df28cd/go.mod h1:9vuHe8Xs5qXnSaW/c/ABM9alt+Vo+STaOChaDxuIBZU=
github.com/mattn/go-isatty v0.0.2 h1:F+DnWktyadxnOrohKLNUC9/GjFii5RJgY4GFG6ilggw=
github.com/mattn/go-isatty v0.0.2/go.mod h1:M+lRXTBqGeGNdLjl/ufCoiOlB5xdOkqRJdNxMWT7Zi4=
github.com/mgutz/ansi v0.0.0-20170206155736-9520e82c474b h1:j7+1HpAFS1zy5+Q4qx1fWh90gTKwiN4QCGoY9TWyyO4=
github.com/mgutz/ansi v0.0.0-20170206155736-9520e82c474b/go.mod h1:01TrycV0kFyexm33Z7vhZRXopbI8J3TDReVlkTgMUxE=
golang.org/x/sys v0.0.0-20170615053224-fb4cac33e319 h1:VOzr22cZ/j39L4pIzz1fEBJewkELEkgJuuLZHCdzFRg=
golang.org/x/sys v0.0.0-20170615053224-fb4cac33e319/go.mod h1:STP8DvDyc/dI5b8T5hshtkjS+E42TnysNCUPdjciGhY=
